// !$*UTF8*$!
{
	archiveVersion = 1;
	classes = {
	};
	objectVersion = 46;
	objects = {

/* Begin PBXBuildFile section */
		1BC5B5A51A80306E001F34B8 /* iPad-Non-Retina-Launch-Landscape.png in Resources */ = {isa = PBXBuildFile; fileRef = 1BC5B5A41A80306E001F34B8 /* iPad-Non-Retina-Launch-Landscape.png */; };
		1BC5B5A81A810B30001F34B8 /* UsersController.m in Sources */ = {isa = PBXBuildFile; fileRef = 1BC5B5A71A810B30001F34B8 /* UsersController.m */; };
		1BC5B5E01A81964C001F34B8 /* Universal.storyboard in Resources */ = {isa = PBXBuildFile; fileRef = 1BC5B5DF1A81964C001F34B8 /* Universal.storyboard */; };
		1BC5B5E31A82D606001F34B8 /* lock.png in Resources */ = {isa = PBXBuildFile; fileRef = 1BC5B5E11A82D606001F34B8 /* lock.png */; };
		1BC5B5E41A82D606001F34B8 /* unlock.png in Resources */ = {isa = PBXBuildFile; fileRef = 1BC5B5E21A82D606001F34B8 /* unlock.png */; };
		1BC5B6E21A86D5F3001F34B8 /* CustomTableViewCell.m in Sources */ = {isa = PBXBuildFile; fileRef = 1BC5B6E01A86D5F3001F34B8 /* CustomTableViewCell.m */; };
		1BE666F41A7DA1EB0005F52A /* Foundation.framework in Frameworks */ = {isa = PBXBuildFile; fileRef = 1BE666F31A7DA1EB0005F52A /* Foundation.framework */; };
		1BE666F61A7DA1EB0005F52A /* CoreGraphics.framework in Frameworks */ = {isa = PBXBuildFile; fileRef = 1BE666F51A7DA1EB0005F52A /* CoreGraphics.framework */; };
		1BE666F81A7DA1EB0005F52A /* UIKit.framework in Frameworks */ = {isa = PBXBuildFile; fileRef = 1BE666F71A7DA1EB0005F52A /* UIKit.framework */; };
		1BE666FE1A7DA1EB0005F52A /* InfoPlist.strings in Resources */ = {isa = PBXBuildFile; fileRef = 1BE666FC1A7DA1EB0005F52A /* InfoPlist.strings */; };
		1BE667001A7DA1EB0005F52A /* main.m in Sources */ = {isa = PBXBuildFile; fileRef = 1BE666FF1A7DA1EB0005F52A /* main.m */; };
		1BE667041A7DA1EB0005F52A /* AppDelegate.m in Sources */ = {isa = PBXBuildFile; fileRef = 1BE667031A7DA1EB0005F52A /* AppDelegate.m */; };
		1BE667061A7DA1EB0005F52A /* Images.xcassets in Resources */ = {isa = PBXBuildFile; fileRef = 1BE667051A7DA1EB0005F52A /* Images.xcassets */; };
		1BE6670D1A7DA1EC0005F52A /* XCTest.framework in Frameworks */ = {isa = PBXBuildFile; fileRef = 1BE6670C1A7DA1EC0005F52A /* XCTest.framework */; };
		1BE6670E1A7DA1EC0005F52A /* Foundation.framework in Frameworks */ = {isa = PBXBuildFile; fileRef = 1BE666F31A7DA1EB0005F52A /* Foundation.framework */; };
		1BE6670F1A7DA1EC0005F52A /* UIKit.framework in Frameworks */ = {isa = PBXBuildFile; fileRef = 1BE666F71A7DA1EB0005F52A /* UIKit.framework */; };
		1BE667171A7DA1EC0005F52A /* InfoPlist.strings in Resources */ = {isa = PBXBuildFile; fileRef = 1BE667151A7DA1EC0005F52A /* InfoPlist.strings */; };
		1BE667191A7DA1EC0005F52A /* TabBar_UWTests.m in Sources */ = {isa = PBXBuildFile; fileRef = 1BE667181A7DA1EC0005F52A /* TabBar_UWTests.m */; };
		1BE667361A7DA2330005F52A /* AFHTTPRequestOperation.m in Sources */ = {isa = PBXBuildFile; fileRef = 1BE667241A7DA2330005F52A /* AFHTTPRequestOperation.m */; };
		1BE667371A7DA2330005F52A /* AFHTTPRequestOperationManager.m in Sources */ = {isa = PBXBuildFile; fileRef = 1BE667261A7DA2330005F52A /* AFHTTPRequestOperationManager.m */; };
		1BE667381A7DA2330005F52A /* AFHTTPSessionManager.m in Sources */ = {isa = PBXBuildFile; fileRef = 1BE667281A7DA2330005F52A /* AFHTTPSessionManager.m */; };
		1BE667391A7DA2330005F52A /* AFNetworkReachabilityManager.m in Sources */ = {isa = PBXBuildFile; fileRef = 1BE6672B1A7DA2330005F52A /* AFNetworkReachabilityManager.m */; };
		1BE6673A1A7DA2330005F52A /* AFSecurityPolicy.m in Sources */ = {isa = PBXBuildFile; fileRef = 1BE6672D1A7DA2330005F52A /* AFSecurityPolicy.m */; };
		1BE6673B1A7DA2330005F52A /* AFURLConnectionOperation.m in Sources */ = {isa = PBXBuildFile; fileRef = 1BE6672F1A7DA2330005F52A /* AFURLConnectionOperation.m */; };
		1BE6673C1A7DA2330005F52A /* AFURLRequestSerialization.m in Sources */ = {isa = PBXBuildFile; fileRef = 1BE667311A7DA2330005F52A /* AFURLRequestSerialization.m */; };
		1BE6673D1A7DA2330005F52A /* AFURLResponseSerialization.m in Sources */ = {isa = PBXBuildFile; fileRef = 1BE667331A7DA2330005F52A /* AFURLResponseSerialization.m */; };
		1BE6673E1A7DA2330005F52A /* AFURLSessionManager.m in Sources */ = {isa = PBXBuildFile; fileRef = 1BE667351A7DA2330005F52A /* AFURLSessionManager.m */; };
		1BE6674E1A7DA3260005F52A /* DetailUserViewController.m in Sources */ = {isa = PBXBuildFile; fileRef = 1BE667421A7DA3260005F52A /* DetailUserViewController.m */; };
		1BE667501A7DA3260005F52A /* UserEntity.m in Sources */ = {isa = PBXBuildFile; fileRef = 1BE667461A7DA3260005F52A /* UserEntity.m */; };
		1BE667511A7DA3260005F52A /* UsersViewController.m in Sources */ = {isa = PBXBuildFile; fileRef = 1BE667481A7DA3260005F52A /* UsersViewController.m */; };
		1BE667531A7DA3260005F52A /* WheatherViewController.m in Sources */ = {isa = PBXBuildFile; fileRef = 1BE6674C1A7DA3260005F52A /* WheatherViewController.m */; };
		1BE667581A7DA3CB0005F52A /* CoreLocation.framework in Frameworks */ = {isa = PBXBuildFile; fileRef = 1BE667571A7DA3CB0005F52A /* CoreLocation.framework */; };
		1BE6675B1A7DA4070005F52A /* user.png in Resources */ = {isa = PBXBuildFile; fileRef = 1BE667591A7DA4070005F52A /* user.png */; };
		1BE6675C1A7DA4070005F52A /* weather.png in Resources */ = {isa = PBXBuildFile; fileRef = 1BE6675A1A7DA4070005F52A /* weather.png */; };
		1BE667771A7E59300005F52A /* IPhoneRetinaIcon.png in Resources */ = {isa = PBXBuildFile; fileRef = 1BE667741A7E59300005F52A /* IPhoneRetinaIcon.png */; };
		1BE667781A7E59300005F52A /* IPadNon-Retina-Icon.png in Resources */ = {isa = PBXBuildFile; fileRef = 1BE667751A7E59300005F52A /* IPadNon-Retina-Icon.png */; };
		1BE667791A7E59300005F52A /* iPadRetinaIcon.png in Resources */ = {isa = PBXBuildFile; fileRef = 1BE667761A7E59300005F52A /* iPadRetinaIcon.png */; };
		1BE667821A7E5BCA0005F52A /* iPad-Retina-Launch.png in Resources */ = {isa = PBXBuildFile; fileRef = 1BE667801A7E5BCA0005F52A /* iPad-Retina-Launch.png */; };
		1BE667851A7E5C460005F52A /* iPadNon-Retina-Launch.png in Resources */ = {isa = PBXBuildFile; fileRef = 1BE667841A7E5C460005F52A /* iPadNon-Retina-Launch.png */; };
		1BE667881A7E6B1E0005F52A /* iPhone-Retina-Launch.png in Resources */ = {isa = PBXBuildFile; fileRef = 1BE667861A7E6B1E0005F52A /* iPhone-Retina-Launch.png */; };
		1BE667891A7E6B1E0005F52A /* iPhone-Non-Retina-Launch.png in Resources */ = {isa = PBXBuildFile; fileRef = 1BE667871A7E6B1E0005F52A /* iPhone-Non-Retina-Launch.png */; };
		1BE667911A7ECF680005F52A /* iPad-Retina-Launch-Landscape.png in Resources */ = {isa = PBXBuildFile; fileRef = 1BE667901A7ECF680005F52A /* iPad-Retina-Launch-Landscape.png */; };
/* End PBXBuildFile section */

/* Begin PBXContainerItemProxy section */
		1BE667101A7DA1EC0005F52A /* PBXContainerItemProxy */ = {
			isa = PBXContainerItemProxy;
			containerPortal = 1BE666E81A7DA1EB0005F52A /* Project object */;
			proxyType = 1;
			remoteGlobalIDString = 1BE666EF1A7DA1EB0005F52A;
			remoteInfo = "TabBar-UW";
		};
/* End PBXContainerItemProxy section */

/* Begin PBXFileReference section */
		1BC5B5A41A80306E001F34B8 /* iPad-Non-Retina-Launch-Landscape.png */ = {isa = PBXFileReference; lastKnownFileType = image.png; path = "iPad-Non-Retina-Launch-Landscape.png"; sourceTree = "<group>"; };
		1BC5B5A61A810B30001F34B8 /* UsersController.h */ = {isa = PBXFileReference; fileEncoding = 4; lastKnownFileType = sourcecode.c.h; path = UsersController.h; sourceTree = "<group>"; };
		1BC5B5A71A810B30001F34B8 /* UsersController.m */ = {isa = PBXFileReference; fileEncoding = 4; lastKnownFileType = sourcecode.c.objc; path = UsersController.m; sourceTree = "<group>"; };
		1BC5B5DF1A81964C001F34B8 /* Universal.storyboard */ = {isa = PBXFileReference; fileEncoding = 4; lastKnownFileType = file.storyboard; path = Universal.storyboard; sourceTree = "<group>"; };
		1BC5B5E11A82D606001F34B8 /* lock.png */ = {isa = PBXFileReference; lastKnownFileType = image.png; path = lock.png; sourceTree = "<group>"; };
		1BC5B5E21A82D606001F34B8 /* unlock.png */ = {isa = PBXFileReference; lastKnownFileType = image.png; path = unlock.png; sourceTree = "<group>"; };
		1BC5B6E01A86D5F3001F34B8 /* CustomTableViewCell.m */ = {isa = PBXFileReference; fileEncoding = 4; lastKnownFileType = sourcecode.c.objc; path = CustomTableViewCell.m; sourceTree = "<group>"; };
		1BC5B6E11A86D5F3001F34B8 /* CustomTableViewCell.h */ = {isa = PBXFileReference; fileEncoding = 4; lastKnownFileType = sourcecode.c.h; path = CustomTableViewCell.h; sourceTree = "<group>"; };
		1BE666F01A7DA1EB0005F52A /* TabBar-UW.app */ = {isa = PBXFileReference; explicitFileType = wrapper.application; includeInIndex = 0; path = "TabBar-UW.app"; sourceTree = BUILT_PRODUCTS_DIR; };
		1BE666F31A7DA1EB0005F52A /* Foundation.framework */ = {isa = PBXFileReference; lastKnownFileType = wrapper.framework; name = Foundation.framework; path = System/Library/Frameworks/Foundation.framework; sourceTree = SDKROOT; };
		1BE666F51A7DA1EB0005F52A /* CoreGraphics.framework */ = {isa = PBXFileReference; lastKnownFileType = wrapper.framework; name = CoreGraphics.framework; path = System/Library/Frameworks/CoreGraphics.framework; sourceTree = SDKROOT; };
		1BE666F71A7DA1EB0005F52A /* UIKit.framework */ = {isa = PBXFileReference; lastKnownFileType = wrapper.framework; name = UIKit.framework; path = System/Library/Frameworks/UIKit.framework; sourceTree = SDKROOT; };
		1BE666FB1A7DA1EB0005F52A /* TabBar-UW-Info.plist */ = {isa = PBXFileReference; lastKnownFileType = text.plist.xml; path = "TabBar-UW-Info.plist"; sourceTree = "<group>"; };
		1BE666FD1A7DA1EB0005F52A /* en */ = {isa = PBXFileReference; lastKnownFileType = text.plist.strings; name = en; path = en.lproj/InfoPlist.strings; sourceTree = "<group>"; };
		1BE666FF1A7DA1EB0005F52A /* main.m */ = {isa = PBXFileReference; lastKnownFileType = sourcecode.c.objc; path = main.m; sourceTree = "<group>"; };
		1BE667011A7DA1EB0005F52A /* TabBar-UW-Prefix.pch */ = {isa = PBXFileReference; lastKnownFileType = sourcecode.c.h; path = "TabBar-UW-Prefix.pch"; sourceTree = "<group>"; };
		1BE667021A7DA1EB0005F52A /* AppDelegate.h */ = {isa = PBXFileReference; lastKnownFileType = sourcecode.c.h; path = AppDelegate.h; sourceTree = "<group>"; };
		1BE667031A7DA1EB0005F52A /* AppDelegate.m */ = {isa = PBXFileReference; lastKnownFileType = sourcecode.c.objc; path = AppDelegate.m; sourceTree = "<group>"; };
		1BE667051A7DA1EB0005F52A /* Images.xcassets */ = {isa = PBXFileReference; lastKnownFileType = folder.assetcatalog; path = Images.xcassets; sourceTree = "<group>"; };
		1BE6670B1A7DA1EC0005F52A /* TabBar-UWTests.xctest */ = {isa = PBXFileReference; explicitFileType = wrapper.cfbundle; includeInIndex = 0; path = "TabBar-UWTests.xctest"; sourceTree = BUILT_PRODUCTS_DIR; };
		1BE6670C1A7DA1EC0005F52A /* XCTest.framework */ = {isa = PBXFileReference; lastKnownFileType = wrapper.framework; name = XCTest.framework; path = Library/Frameworks/XCTest.framework; sourceTree = DEVELOPER_DIR; };
		1BE667141A7DA1EC0005F52A /* TabBar-UWTests-Info.plist */ = {isa = PBXFileReference; lastKnownFileType = text.plist.xml; path = "TabBar-UWTests-Info.plist"; sourceTree = "<group>"; };
		1BE667161A7DA1EC0005F52A /* en */ = {isa = PBXFileReference; lastKnownFileType = text.plist.strings; name = en; path = en.lproj/InfoPlist.strings; sourceTree = "<group>"; };
		1BE667181A7DA1EC0005F52A /* TabBar_UWTests.m */ = {isa = PBXFileReference; lastKnownFileType = sourcecode.c.objc; path = TabBar_UWTests.m; sourceTree = "<group>"; };
		1BE667231A7DA2330005F52A /* AFHTTPRequestOperation.h */ = {isa = PBXFileReference; fileEncoding = 4; lastKnownFileType = sourcecode.c.h; path = AFHTTPRequestOperation.h; sourceTree = "<group>"; };
		1BE667241A7DA2330005F52A /* AFHTTPRequestOperation.m */ = {isa = PBXFileReference; fileEncoding = 4; lastKnownFileType = sourcecode.c.objc; path = AFHTTPRequestOperation.m; sourceTree = "<group>"; };
		1BE667251A7DA2330005F52A /* AFHTTPRequestOperationManager.h */ = {isa = PBXFileReference; fileEncoding = 4; lastKnownFileType = sourcecode.c.h; path = AFHTTPRequestOperationManager.h; sourceTree = "<group>"; };
		1BE667261A7DA2330005F52A /* AFHTTPRequestOperationManager.m */ = {isa = PBXFileReference; fileEncoding = 4; lastKnownFileType = sourcecode.c.objc; path = AFHTTPRequestOperationManager.m; sourceTree = "<group>"; };
		1BE667271A7DA2330005F52A /* AFHTTPSessionManager.h */ = {isa = PBXFileReference; fileEncoding = 4; lastKnownFileType = sourcecode.c.h; path = AFHTTPSessionManager.h; sourceTree = "<group>"; };
		1BE667281A7DA2330005F52A /* AFHTTPSessionManager.m */ = {isa = PBXFileReference; fileEncoding = 4; lastKnownFileType = sourcecode.c.objc; path = AFHTTPSessionManager.m; sourceTree = "<group>"; };
		1BE667291A7DA2330005F52A /* AFNetworking.h */ = {isa = PBXFileReference; fileEncoding = 4; lastKnownFileType = sourcecode.c.h; path = AFNetworking.h; sourceTree = "<group>"; };
		1BE6672A1A7DA2330005F52A /* AFNetworkReachabilityManager.h */ = {isa = PBXFileReference; fileEncoding = 4; lastKnownFileType = sourcecode.c.h; path = AFNetworkReachabilityManager.h; sourceTree = "<group>"; };
		1BE6672B1A7DA2330005F52A /* AFNetworkReachabilityManager.m */ = {isa = PBXFileReference; fileEncoding = 4; lastKnownFileType = sourcecode.c.objc; path = AFNetworkReachabilityManager.m; sourceTree = "<group>"; };
		1BE6672C1A7DA2330005F52A /* AFSecurityPolicy.h */ = {isa = PBXFileReference; fileEncoding = 4; lastKnownFileType = sourcecode.c.h; path = AFSecurityPolicy.h; sourceTree = "<group>"; };
		1BE6672D1A7DA2330005F52A /* AFSecurityPolicy.m */ = {isa = PBXFileReference; fileEncoding = 4; lastKnownFileType = sourcecode.c.objc; path = AFSecurityPolicy.m; sourceTree = "<group>"; };
		1BE6672E1A7DA2330005F52A /* AFURLConnectionOperation.h */ = {isa = PBXFileReference; fileEncoding = 4; lastKnownFileType = sourcecode.c.h; path = AFURLConnectionOperation.h; sourceTree = "<group>"; };
		1BE6672F1A7DA2330005F52A /* AFURLConnectionOperation.m */ = {isa = PBXFileReference; fileEncoding = 4; lastKnownFileType = sourcecode.c.objc; path = AFURLConnectionOperation.m; sourceTree = "<group>"; };
		1BE667301A7DA2330005F52A /* AFURLRequestSerialization.h */ = {isa = PBXFileReference; fileEncoding = 4; lastKnownFileType = sourcecode.c.h; path = AFURLRequestSerialization.h; sourceTree = "<group>"; };
		1BE667311A7DA2330005F52A /* AFURLRequestSerialization.m */ = {isa = PBXFileReference; fileEncoding = 4; lastKnownFileType = sourcecode.c.objc; path = AFURLRequestSerialization.m; sourceTree = "<group>"; };
		1BE667321A7DA2330005F52A /* AFURLResponseSerialization.h */ = {isa = PBXFileReference; fileEncoding = 4; lastKnownFileType = sourcecode.c.h; path = AFURLResponseSerialization.h; sourceTree = "<group>"; };
		1BE667331A7DA2330005F52A /* AFURLResponseSerialization.m */ = {isa = PBXFileReference; fileEncoding = 4; lastKnownFileType = sourcecode.c.objc; path = AFURLResponseSerialization.m; sourceTree = "<group>"; };
		1BE667341A7DA2330005F52A /* AFURLSessionManager.h */ = {isa = PBXFileReference; fileEncoding = 4; lastKnownFileType = sourcecode.c.h; path = AFURLSessionManager.h; sourceTree = "<group>"; };
		1BE667351A7DA2330005F52A /* AFURLSessionManager.m */ = {isa = PBXFileReference; fileEncoding = 4; lastKnownFileType = sourcecode.c.objc; path = AFURLSessionManager.m; sourceTree = "<group>"; };
		1BE667411A7DA3260005F52A /* DetailUserViewController.h */ = {isa = PBXFileReference; fileEncoding = 4; lastKnownFileType = sourcecode.c.h; path = DetailUserViewController.h; sourceTree = "<group>"; };
		1BE667421A7DA3260005F52A /* DetailUserViewController.m */ = {isa = PBXFileReference; fileEncoding = 4; lastKnownFileType = sourcecode.c.objc; path = DetailUserViewController.m; sourceTree = "<group>"; };
		1BE667451A7DA3260005F52A /* UserEntity.h */ = {isa = PBXFileReference; fileEncoding = 4; lastKnownFileType = sourcecode.c.h; path = UserEntity.h; sourceTree = "<group>"; };
		1BE667461A7DA3260005F52A /* UserEntity.m */ = {isa = PBXFileReference; fileEncoding = 4; lastKnownFileType = sourcecode.c.objc; path = UserEntity.m; sourceTree = "<group>"; };
		1BE667471A7DA3260005F52A /* UsersViewController.h */ = {isa = PBXFileReference; fileEncoding = 4; lastKnownFileType = sourcecode.c.h; path = UsersViewController.h; sourceTree = "<group>"; };
		1BE667481A7DA3260005F52A /* UsersViewController.m */ = {isa = PBXFileReference; fileEncoding = 4; lastKnownFileType = sourcecode.c.objc; path = UsersViewController.m; sourceTree = "<group>"; };
		1BE6674B1A7DA3260005F52A /* WheatherViewController.h */ = {isa = PBXFileReference; fileEncoding = 4; lastKnownFileType = sourcecode.c.h; path = WheatherViewController.h; sourceTree = "<group>"; };
		1BE6674C1A7DA3260005F52A /* WheatherViewController.m */ = {isa = PBXFileReference; fileEncoding = 4; lastKnownFileType = sourcecode.c.objc; path = WheatherViewController.m; sourceTree = "<group>"; };
		1BE667571A7DA3CB0005F52A /* CoreLocation.framework */ = {isa = PBXFileReference; lastKnownFileType = wrapper.framework; name = CoreLocation.framework; path = System/Library/Frameworks/CoreLocation.framework; sourceTree = SDKROOT; };
		1BE667591A7DA4070005F52A /* user.png */ = {isa = PBXFileReference; lastKnownFileType = image.png; path = user.png; sourceTree = "<group>"; };
		1BE6675A1A7DA4070005F52A /* weather.png */ = {isa = PBXFileReference; lastKnownFileType = image.png; path = weather.png; sourceTree = "<group>"; };
		1BE667741A7E59300005F52A /* IPhoneRetinaIcon.png */ = {isa = PBXFileReference; lastKnownFileType = image.png; path = IPhoneRetinaIcon.png; sourceTree = "<group>"; };
		1BE667751A7E59300005F52A /* IPadNon-Retina-Icon.png */ = {isa = PBXFileReference; lastKnownFileType = image.png; path = "IPadNon-Retina-Icon.png"; sourceTree = "<group>"; };
		1BE667761A7E59300005F52A /* iPadRetinaIcon.png */ = {isa = PBXFileReference; lastKnownFileType = image.png; path = iPadRetinaIcon.png; sourceTree = "<group>"; };
		1BE667801A7E5BCA0005F52A /* iPad-Retina-Launch.png */ = {isa = PBXFileReference; lastKnownFileType = image.png; path = "iPad-Retina-Launch.png"; sourceTree = "<group>"; };
		1BE667841A7E5C460005F52A /* iPadNon-Retina-Launch.png */ = {isa = PBXFileReference; lastKnownFileType = image.png; path = "iPadNon-Retina-Launch.png"; sourceTree = "<group>"; };
		1BE667861A7E6B1E0005F52A /* iPhone-Retina-Launch.png */ = {isa = PBXFileReference; lastKnownFileType = image.png; path = "iPhone-Retina-Launch.png"; sourceTree = "<group>"; };
		1BE667871A7E6B1E0005F52A /* iPhone-Non-Retina-Launch.png */ = {isa = PBXFileReference; lastKnownFileType = image.png; path = "iPhone-Non-Retina-Launch.png"; sourceTree = "<group>"; };
		1BE667901A7ECF680005F52A /* iPad-Retina-Launch-Landscape.png */ = {isa = PBXFileReference; lastKnownFileType = image.png; path = "iPad-Retina-Launch-Landscape.png"; sourceTree = "<group>"; };
/* End PBXFileReference section */

/* Begin PBXFrameworksBuildPhase section */
		1BE666ED1A7DA1EB0005F52A /* Frameworks */ = {
			isa = PBXFrameworksBuildPhase;
			buildActionMask = 2147483647;
			files = (
				1BE667581A7DA3CB0005F52A /* CoreLocation.framework in Frameworks */,
				1BE666F61A7DA1EB0005F52A /* CoreGraphics.framework in Frameworks */,
				1BE666F81A7DA1EB0005F52A /* UIKit.framework in Frameworks */,
				1BE666F41A7DA1EB0005F52A /* Foundation.framework in Frameworks */,
			);
			runOnlyForDeploymentPostprocessing = 0;
		};
		1BE667081A7DA1EC0005F52A /* Frameworks */ = {
			isa = PBXFrameworksBuildPhase;
			buildActionMask = 2147483647;
			files = (
				1BE6670D1A7DA1EC0005F52A /* XCTest.framework in Frameworks */,
				1BE6670F1A7DA1EC0005F52A /* UIKit.framework in Frameworks */,
				1BE6670E1A7DA1EC0005F52A /* Foundation.framework in Frameworks */,
			);
			runOnlyForDeploymentPostprocessing = 0;
		};
/* End PBXFrameworksBuildPhase section */

/* Begin PBXGroup section */
		1BE666E71A7DA1EB0005F52A = {
			isa = PBXGroup;
			children = (
				1BE666F91A7DA1EB0005F52A /* TabBar-UW */,
				1BE667121A7DA1EC0005F52A /* TabBar-UWTests */,
				1BE666F21A7DA1EB0005F52A /* Frameworks */,
				1BE666F11A7DA1EB0005F52A /* Products */,
			);
			sourceTree = "<group>";
		};
		1BE666F11A7DA1EB0005F52A /* Products */ = {
			isa = PBXGroup;
			children = (
				1BE666F01A7DA1EB0005F52A /* TabBar-UW.app */,
				1BE6670B1A7DA1EC0005F52A /* TabBar-UWTests.xctest */,
			);
			name = Products;
			sourceTree = "<group>";
		};
		1BE666F21A7DA1EB0005F52A /* Frameworks */ = {
			isa = PBXGroup;
			children = (
				1BE667571A7DA3CB0005F52A /* CoreLocation.framework */,
				1BE666F31A7DA1EB0005F52A /* Foundation.framework */,
				1BE666F51A7DA1EB0005F52A /* CoreGraphics.framework */,
				1BE666F71A7DA1EB0005F52A /* UIKit.framework */,
				1BE6670C1A7DA1EC0005F52A /* XCTest.framework */,
			);
			name = Frameworks;
			sourceTree = "<group>";
		};
		1BE666F91A7DA1EB0005F52A /* TabBar-UW */ = {
			isa = PBXGroup;
			children = (
				1BE6675F1A7DBAC30005F52A /* Images */,
				1BE667541A7DA33A0005F52A /* Model */,
				1BE667221A7DA2330005F52A /* AFNetworking */,
				1BE667021A7DA1EB0005F52A /* AppDelegate.h */,
				1BE667031A7DA1EB0005F52A /* AppDelegate.m */,
				1BE667411A7DA3260005F52A /* DetailUserViewController.h */,
				1BE667421A7DA3260005F52A /* DetailUserViewController.m */,
				1BE667471A7DA3260005F52A /* UsersViewController.h */,
				1BE667481A7DA3260005F52A /* UsersViewController.m */,
				1BE6674B1A7DA3260005F52A /* WheatherViewController.h */,
				1BE6674C1A7DA3260005F52A /* WheatherViewController.m */,
				1BC5B5DF1A81964C001F34B8 /* Universal.storyboard */,
				1BE667051A7DA1EB0005F52A /* Images.xcassets */,
				1BE666FA1A7DA1EB0005F52A /* Supporting Files */,
			);
			path = "TabBar-UW";
			sourceTree = "<group>";
		};
		1BE666FA1A7DA1EB0005F52A /* Supporting Files */ = {
			isa = PBXGroup;
			children = (
				1BE666FB1A7DA1EB0005F52A /* TabBar-UW-Info.plist */,
				1BE666FC1A7DA1EB0005F52A /* InfoPlist.strings */,
				1BE666FF1A7DA1EB0005F52A /* main.m */,
				1BE667011A7DA1EB0005F52A /* TabBar-UW-Prefix.pch */,
			);
			name = "Supporting Files";
			sourceTree = "<group>";
		};
		1BE667121A7DA1EC0005F52A /* TabBar-UWTests */ = {
			isa = PBXGroup;
			children = (
				1BE667181A7DA1EC0005F52A /* TabBar_UWTests.m */,
				1BE667131A7DA1EC0005F52A /* Supporting Files */,
			);
			path = "TabBar-UWTests";
			sourceTree = "<group>";
		};
		1BE667131A7DA1EC0005F52A /* Supporting Files */ = {
			isa = PBXGroup;
			children = (
				1BE667141A7DA1EC0005F52A /* TabBar-UWTests-Info.plist */,
				1BE667151A7DA1EC0005F52A /* InfoPlist.strings */,
			);
			name = "Supporting Files";
			sourceTree = "<group>";
		};
		1BE667221A7DA2330005F52A /* AFNetworking */ = {
			isa = PBXGroup;
			children = (
				1BE667231A7DA2330005F52A /* AFHTTPRequestOperation.h */,
				1BE667241A7DA2330005F52A /* AFHTTPRequestOperation.m */,
				1BE667251A7DA2330005F52A /* AFHTTPRequestOperationManager.h */,
				1BE667261A7DA2330005F52A /* AFHTTPRequestOperationManager.m */,
				1BE667271A7DA2330005F52A /* AFHTTPSessionManager.h */,
				1BE667281A7DA2330005F52A /* AFHTTPSessionManager.m */,
				1BE667291A7DA2330005F52A /* AFNetworking.h */,
				1BE6672A1A7DA2330005F52A /* AFNetworkReachabilityManager.h */,
				1BE6672B1A7DA2330005F52A /* AFNetworkReachabilityManager.m */,
				1BE6672C1A7DA2330005F52A /* AFSecurityPolicy.h */,
				1BE6672D1A7DA2330005F52A /* AFSecurityPolicy.m */,
				1BE6672E1A7DA2330005F52A /* AFURLConnectionOperation.h */,
				1BE6672F1A7DA2330005F52A /* AFURLConnectionOperation.m */,
				1BE667301A7DA2330005F52A /* AFURLRequestSerialization.h */,
				1BE667311A7DA2330005F52A /* AFURLRequestSerialization.m */,
				1BE667321A7DA2330005F52A /* AFURLResponseSerialization.h */,
				1BE667331A7DA2330005F52A /* AFURLResponseSerialization.m */,
				1BE667341A7DA2330005F52A /* AFURLSessionManager.h */,
				1BE667351A7DA2330005F52A /* AFURLSessionManager.m */,
			);
			path = AFNetworking;
			sourceTree = "<group>";
		};
		1BE667541A7DA33A0005F52A /* Model */ = {
			isa = PBXGroup;
			children = (
				1BE667451A7DA3260005F52A /* UserEntity.h */,
				1BE667461A7DA3260005F52A /* UserEntity.m */,
				1BC5B5A61A810B30001F34B8 /* UsersController.h */,
				1BC5B6E01A86D5F3001F34B8 /* CustomTableViewCell.m */,
				1BC5B6E11A86D5F3001F34B8 /* CustomTableViewCell.h */,
				1BC5B5A71A810B30001F34B8 /* UsersController.m */,
			);
			name = Model;
			sourceTree = "<group>";
		};
		1BE6675F1A7DBAC30005F52A /* Images */ = {
			isa = PBXGroup;
			children = (
				1BE667591A7DA4070005F52A /* user.png */,
				1BE667741A7E59300005F52A /* IPhoneRetinaIcon.png */,
				1BE667751A7E59300005F52A /* IPadNon-Retina-Icon.png */,
				1BC5B5E11A82D606001F34B8 /* lock.png */,
				1BC5B5E21A82D606001F34B8 /* unlock.png */,
				1BE667761A7E59300005F52A /* iPadRetinaIcon.png */,
				1BE667841A7E5C460005F52A /* iPadNon-Retina-Launch.png */,
				1BE667861A7E6B1E0005F52A /* iPhone-Retina-Launch.png */,
				1BE667901A7ECF680005F52A /* iPad-Retina-Launch-Landscape.png */,
				1BC5B5A41A80306E001F34B8 /* iPad-Non-Retina-Launch-Landscape.png */,
				1BE667871A7E6B1E0005F52A /* iPhone-Non-Retina-Launch.png */,
				1BE667801A7E5BCA0005F52A /* iPad-Retina-Launch.png */,
				1BE6675A1A7DA4070005F52A /* weather.png */,
			);
			name = Images;
			sourceTree = "<group>";
		};
/* End PBXGroup section */

/* Begin PBXNativeTarget section */
		1BE666EF1A7DA1EB0005F52A /* TabBar-UW */ = {
			isa = PBXNativeTarget;
			buildConfigurationList = 1BE6671C1A7DA1EC0005F52A /* Build configuration list for PBXNativeTarget "TabBar-UW" */;
			buildPhases = (
				1BE666EC1A7DA1EB0005F52A /* Sources */,
				1BE666ED1A7DA1EB0005F52A /* Frameworks */,
				1BE666EE1A7DA1EB0005F52A /* Resources */,
			);
			buildRules = (
			);
			dependencies = (
			);
			name = "TabBar-UW";
			productName = "TabBar-UW";
			productReference = 1BE666F01A7DA1EB0005F52A /* TabBar-UW.app */;
			productType = "com.apple.product-type.application";
		};
		1BE6670A1A7DA1EC0005F52A /* TabBar-UWTests */ = {
			isa = PBXNativeTarget;
			buildConfigurationList = 1BE6671F1A7DA1EC0005F52A /* Build configuration list for PBXNativeTarget "TabBar-UWTests" */;
			buildPhases = (
				1BE667071A7DA1EC0005F52A /* Sources */,
				1BE667081A7DA1EC0005F52A /* Frameworks */,
				1BE667091A7DA1EC0005F52A /* Resources */,
			);
			buildRules = (
			);
			dependencies = (
				1BE667111A7DA1EC0005F52A /* PBXTargetDependency */,
			);
			name = "TabBar-UWTests";
			productName = "TabBar-UWTests";
			productReference = 1BE6670B1A7DA1EC0005F52A /* TabBar-UWTests.xctest */;
			productType = "com.apple.product-type.bundle.unit-test";
		};
/* End PBXNativeTarget section */

/* Begin PBXProject section */
		1BE666E81A7DA1EB0005F52A /* Project object */ = {
			isa = PBXProject;
			attributes = {
				LastUpgradeCheck = 0510;
				ORGANIZATIONNAME = "___FULLUSERNAME___";
				TargetAttributes = {
					1BE6670A1A7DA1EC0005F52A = {
						TestTargetID = 1BE666EF1A7DA1EB0005F52A;
					};
				};
			};
			buildConfigurationList = 1BE666EB1A7DA1EB0005F52A /* Build configuration list for PBXProject "TabBar-UW" */;
			compatibilityVersion = "Xcode 3.2";
			developmentRegion = English;
			hasScannedForEncodings = 0;
			knownRegions = (
				en,
			);
			mainGroup = 1BE666E71A7DA1EB0005F52A;
			productRefGroup = 1BE666F11A7DA1EB0005F52A /* Products */;
			projectDirPath = "";
			projectRoot = "";
			targets = (
				1BE666EF1A7DA1EB0005F52A /* TabBar-UW */,
				1BE6670A1A7DA1EC0005F52A /* TabBar-UWTests */,
			);
		};
/* End PBXProject section */

/* Begin PBXResourcesBuildPhase section */
		1BE666EE1A7DA1EB0005F52A /* Resources */ = {
			isa = PBXResourcesBuildPhase;
			buildActionMask = 2147483647;
			files = (
				1BE667881A7E6B1E0005F52A /* iPhone-Retina-Launch.png in Resources */,
				1BE667911A7ECF680005F52A /* iPad-Retina-Launch-Landscape.png in Resources */,
				1BE667781A7E59300005F52A /* IPadNon-Retina-Icon.png in Resources */,
				1BE667771A7E59300005F52A /* IPhoneRetinaIcon.png in Resources */,
				1BC5B5E31A82D606001F34B8 /* lock.png in Resources */,
				1BE667821A7E5BCA0005F52A /* iPad-Retina-Launch.png in Resources */,
				1BE667791A7E59300005F52A /* iPadRetinaIcon.png in Resources */,
				1BE6675C1A7DA4070005F52A /* weather.png in Resources */,
				1BE666FE1A7DA1EB0005F52A /* InfoPlist.strings in Resources */,
				1BE6675B1A7DA4070005F52A /* user.png in Resources */,
				1BE667061A7DA1EB0005F52A /* Images.xcassets in Resources */,
				1BC5B5A51A80306E001F34B8 /* iPad-Non-Retina-Launch-Landscape.png in Resources */,
				1BC5B5E41A82D606001F34B8 /* unlock.png in Resources */,
				1BE667891A7E6B1E0005F52A /* iPhone-Non-Retina-Launch.png in Resources */,
				1BE667851A7E5C460005F52A /* iPadNon-Retina-Launch.png in Resources */,
				1BC5B5E01A81964C001F34B8 /* Universal.storyboard in Resources */,
			);
			runOnlyForDeploymentPostprocessing = 0;
		};
		1BE667091A7DA1EC0005F52A /* Resources */ = {
			isa = PBXResourcesBuildPhase;
			buildActionMask = 2147483647;
			files = (
				1BE667171A7DA1EC0005F52A /* InfoPlist.strings in Resources */,
			);
			runOnlyForDeploymentPostprocessing = 0;
		};
/* End PBXResourcesBuildPhase section */

/* Begin PBXSourcesBuildPhase section */
		1BE666EC1A7DA1EB0005F52A /* Sources */ = {
			isa = PBXSourcesBuildPhase;
			buildActionMask = 2147483647;
			files = (
				1BE6673C1A7DA2330005F52A /* AFURLRequestSerialization.m in Sources */,
				1BE667511A7DA3260005F52A /* UsersViewController.m in Sources */,
				1BC5B5A81A810B30001F34B8 /* UsersController.m in Sources */,
				1BE6673B1A7DA2330005F52A /* AFURLConnectionOperation.m in Sources */,
				1BE6673A1A7DA2330005F52A /* AFSecurityPolicy.m in Sources */,
				1BC5B6E21A86D5F3001F34B8 /* CustomTableViewCell.m in Sources */,
				1BE667531A7DA3260005F52A /* WheatherViewController.m in Sources */,
				1BE667361A7DA2330005F52A /* AFHTTPRequestOperation.m in Sources */,
				1BE6673E1A7DA2330005F52A /* AFURLSessionManager.m in Sources */,
				1BE6673D1A7DA2330005F52A /* AFURLResponseSerialization.m in Sources */,
				1BE667041A7DA1EB0005F52A /* AppDelegate.m in Sources */,
				1BE667381A7DA2330005F52A /* AFHTTPSessionManager.m in Sources */,
				1BE667371A7DA2330005F52A /* AFHTTPRequestOperationManager.m in Sources */,
				1BE6674E1A7DA3260005F52A /* DetailUserViewController.m in Sources */,
				1BE667391A7DA2330005F52A /* AFNetworkReachabilityManager.m in Sources */,
				1BE667501A7DA3260005F52A /* UserEntity.m in Sources */,
				1BE667001A7DA1EB0005F52A /* main.m in Sources */,
			);
			runOnlyForDeploymentPostprocessing = 0;
		};
		1BE667071A7DA1EC0005F52A /* Sources */ = {
			isa = PBXSourcesBuildPhase;
			buildActionMask = 2147483647;
			files = (
				1BE667191A7DA1EC0005F52A /* TabBar_UWTests.m in Sources */,
			);
			runOnlyForDeploymentPostprocessing = 0;
		};
/* End PBXSourcesBuildPhase section */

/* Begin PBXTargetDependency section */
		1BE667111A7DA1EC0005F52A /* PBXTargetDependency */ = {
			isa = PBXTargetDependency;
			target = 1BE666EF1A7DA1EB0005F52A /* TabBar-UW */;
			targetProxy = 1BE667101A7DA1EC0005F52A /* PBXContainerItemProxy */;
		};
/* End PBXTargetDependency section */

/* Begin PBXVariantGroup section */
		1BE666FC1A7DA1EB0005F52A /* InfoPlist.strings */ = {
			isa = PBXVariantGroup;
			children = (
				1BE666FD1A7DA1EB0005F52A /* en */,
			);
			name = InfoPlist.strings;
			sourceTree = "<group>";
		};
		1BE667151A7DA1EC0005F52A /* InfoPlist.strings */ = {
			isa = PBXVariantGroup;
			children = (
				1BE667161A7DA1EC0005F52A /* en */,
			);
			name = InfoPlist.strings;
			sourceTree = "<group>";
		};
/* End PBXVariantGroup section */

/* Begin XCBuildConfiguration section */
		1BE6671A1A7DA1EC0005F52A /* Debug */ = {
			isa = XCBuildConfiguration;
			buildSettings = {
				ALWAYS_SEARCH_USER_PATHS = NO;
				CLANG_CXX_LANGUAGE_STANDARD = "gnu++0x";
				CLANG_CXX_LIBRARY = "libc++";
				CLANG_ENABLE_MODULES = YES;
				CLANG_ENABLE_OBJC_ARC = YES;
				CLANG_WARN_BOOL_CONVERSION = YES;
				CLANG_WARN_CONSTANT_CONVERSION = YES;
				CLANG_WARN_DIRECT_OBJC_ISA_USAGE = YES_ERROR;
				CLANG_WARN_EMPTY_BODY = YES;
				CLANG_WARN_ENUM_CONVERSION = YES;
				CLANG_WARN_INT_CONVERSION = YES;
				CLANG_WARN_OBJC_ROOT_CLASS = YES_ERROR;
				CLANG_WARN__DUPLICATE_METHOD_MATCH = YES;
				"CODE_SIGN_IDENTITY[sdk=iphoneos*]" = "iPhone Developer";
				COPY_PHASE_STRIP = NO;
				GCC_C_LANGUAGE_STANDARD = gnu99;
				GCC_DYNAMIC_NO_PIC = NO;
				GCC_OPTIMIZATION_LEVEL = 0;
				GCC_PREPROCESSOR_DEFINITIONS = (
					"DEBUG=1",
					"$(inherited)",
				);
				GCC_SYMBOLS_PRIVATE_EXTERN = NO;
				GCC_WARN_64_TO_32_BIT_CONVERSION = YES;
				GCC_WARN_ABOUT_RETURN_TYPE = YES_ERROR;
				GCC_WARN_UNDECLARED_SELECTOR = YES;
				GCC_WARN_UNINITIALIZED_AUTOS = YES_AGGRESSIVE;
				GCC_WARN_UNUSED_FUNCTION = YES;
				GCC_WARN_UNUSED_VARIABLE = YES;
				IPHONEOS_DEPLOYMENT_TARGET = 8.1;
				ONLY_ACTIVE_ARCH = YES;
				SDKROOT = iphoneos;
			};
			name = Debug;
		};
		1BE6671B1A7DA1EC0005F52A /* Release */ = {
			isa = XCBuildConfiguration;
			buildSettings = {
				ALWAYS_SEARCH_USER_PATHS = NO;
				CLANG_CXX_LANGUAGE_STANDARD = "gnu++0x";
				CLANG_CXX_LIBRARY = "libc++";
				CLANG_ENABLE_MODULES = YES;
				CLANG_ENABLE_OBJC_ARC = YES;
				CLANG_WARN_BOOL_CONVERSION = YES;
				CLANG_WARN_CONSTANT_CONVERSION = YES;
				CLANG_WARN_DIRECT_OBJC_ISA_USAGE = YES_ERROR;
				CLANG_WARN_EMPTY_BODY = YES;
				CLANG_WARN_ENUM_CONVERSION = YES;
				CLANG_WARN_INT_CONVERSION = YES;
				CLANG_WARN_OBJC_ROOT_CLASS = YES_ERROR;
				CLANG_WARN__DUPLICATE_METHOD_MATCH = YES;
				"CODE_SIGN_IDENTITY[sdk=iphoneos*]" = "iPhone Developer";
				COPY_PHASE_STRIP = YES;
				ENABLE_NS_ASSERTIONS = NO;
				GCC_C_LANGUAGE_STANDARD = gnu99;
				GCC_WARN_64_TO_32_BIT_CONVERSION = YES;
				GCC_WARN_ABOUT_RETURN_TYPE = YES_ERROR;
				GCC_WARN_UNDECLARED_SELECTOR = YES;
				GCC_WARN_UNINITIALIZED_AUTOS = YES_AGGRESSIVE;
				GCC_WARN_UNUSED_FUNCTION = YES;
				GCC_WARN_UNUSED_VARIABLE = YES;
				IPHONEOS_DEPLOYMENT_TARGET = 8.1;
				SDKROOT = iphoneos;
				VALIDATE_PRODUCT = YES;
			};
			name = Release;
		};
		1BE6671D1A7DA1EC0005F52A /* Debug */ = {
			isa = XCBuildConfiguration;
			buildSettings = {
				ASSETCATALOG_COMPILER_APPICON_NAME = AppIcon;
				ASSETCATALOG_COMPILER_LAUNCHIMAGE_NAME = LaunchImage;
				GCC_PRECOMPILE_PREFIX_HEADER = YES;
				GCC_PREFIX_HEADER = "TabBar-UW/TabBar-UW-Prefix.pch";
				INFOPLIST_FILE = "TabBar-UW/TabBar-UW-Info.plist";
				IPHONEOS_DEPLOYMENT_TARGET = 7.1;
				PRODUCT_NAME = "$(TARGET_NAME)";
				TARGETED_DEVICE_FAMILY = "1,2";
				WRAPPER_EXTENSION = app;
			};
			name = Debug;
		};
		1BE6671E1A7DA1EC0005F52A /* Release */ = {
			isa = XCBuildConfiguration;
			buildSettings = {
				ASSETCATALOG_COMPILER_APPICON_NAME = AppIcon;
				ASSETCATALOG_COMPILER_LAUNCHIMAGE_NAME = LaunchImage;
				GCC_PRECOMPILE_PREFIX_HEADER = YES;
				GCC_PREFIX_HEADER = "TabBar-UW/TabBar-UW-Prefix.pch";
				INFOPLIST_FILE = "TabBar-UW/TabBar-UW-Info.plist";
				IPHONEOS_DEPLOYMENT_TARGET = 7.1;
				PRODUCT_NAME = "$(TARGET_NAME)";
				TARGETED_DEVICE_FAMILY = "1,2";
				WRAPPER_EXTENSION = app;
			};
			name = Release;
		};
		1BE667201A7DA1EC0005F52A /* Debug */ = {
			isa = XCBuildConfiguration;
			buildSettings = {
				BUNDLE_LOADER = "$(BUILT_PRODUCTS_DIR)/TabBar-UW.app/TabBar-UW";
				FRAMEWORK_SEARCH_PATHS = (
					"$(SDKROOT)/Developer/Library/Frameworks",
					"$(inherited)",
					"$(DEVELOPER_FRAMEWORKS_DIR)",
				);
				GCC_PRECOMPILE_PREFIX_HEADER = YES;
				GCC_PREFIX_HEADER = "TabBar-UW/TabBar-UW-Prefix.pch";
				GCC_PREPROCESSOR_DEFINITIONS = (
					"DEBUG=1",
					"$(inherited)",
				);
				INFOPLIST_FILE = "TabBar-UWTests/TabBar-UWTests-Info.plist";
				PRODUCT_NAME = "$(TARGET_NAME)";
				TEST_HOST = "$(BUNDLE_LOADER)";
				WRAPPER_EXTENSION = xctest;
			};
			name = Debug;
		};
		1BE667211A7DA1EC0005F52A /* Release */ = {
			isa = XCBuildConfiguration;
			buildSettings = {
				BUNDLE_LOADER = "$(BUILT_PRODUCTS_DIR)/TabBar-UW.app/TabBar-UW";
				FRAMEWORK_SEARCH_PATHS = (
					"$(SDKROOT)/Developer/Library/Frameworks",
					"$(inherited)",
					"$(DEVELOPER_FRAMEWORKS_DIR)",
				);
				GCC_PRECOMPILE_PREFIX_HEADER = YES;
				GCC_PREFIX_HEADER = "TabBar-UW/TabBar-UW-Prefix.pch";
				INFOPLIST_FILE = "TabBar-UWTests/TabBar-UWTests-Info.plist";
				PRODUCT_NAME = "$(TARGET_NAME)";
				TEST_HOST = "$(BUNDLE_LOADER)";
				WRAPPER_EXTENSION = xctest;
			};
			name = Release;
		};
/* End XCBuildConfiguration section */

/* Begin XCConfigurationList section */
		1BE666EB1A7DA1EB0005F52A /* Build configuration list for PBXProject "TabBar-UW" */ = {
			isa = XCConfigurationList;
			buildConfigurations = (
				1BE6671A1A7DA1EC0005F52A /* Debug */,
				1BE6671B1A7DA1EC0005F52A /* Release */,
			);
			defaultConfigurationIsVisible = 0;
			defaultConfigurationName = Release;
		};
		1BE6671C1A7DA1EC0005F52A /* Build configuration list for PBXNativeTarget "TabBar-UW" */ = {
			isa = XCConfigurationList;
			buildConfigurations = (
				1BE6671D1A7DA1EC0005F52A /* Debug */,
				1BE6671E1A7DA1EC0005F52A /* Release */,
			);
			defaultConfigurationIsVisible = 0;
			defaultConfigurationName = Release;
		};
		1BE6671F1A7DA1EC0005F52A /* Build configuration list for PBXNativeTarget "TabBar-UWTests" */ = {
			isa = XCConfigurationList;
			buildConfigurations = (
				1BE667201A7DA1EC0005F52A /* Debug */,
				1BE667211A7DA1EC0005F52A /* Release */,
			);
			defaultConfigurationIsVisible = 0;
			defaultConfigurationName = Release;
		};
/* End XCConfigurationList section */
	};
	rootObject = 1BE666E81A7DA1EB0005F52A /* Project object */;
}
